
Microsoft Visual Studio Solution File, Format Version 12.00
# Visual Studio Version 17
VisualStudioVersion = 17.3.32819.101
MinimumVisualStudioVersion = 10.0.40219.1
Project("{FAE04EC0-301F-11D3-BF4B-00C04F79EFBC}") = "ConsoleApp5", "ConsoleApp5\ConsoleApp5.csproj", "{15C4EBC8-1813-4DA4-B247-B2187F18A48B}"
EndProject
Global
	GlobalSection(SolutionConfigurationPlatforms) = preSolution
		Debug|Any CPU = Debug|Any CPU
		Release|Any CPU = Release|Any CPU
	EndGlobalSection
	GlobalSection(ProjectConfigurationPlatforms) = postSolution
		{15C4EBC8-1813-4DA4-B247-B2187F18A48B}.Debug|Any CPU.ActiveCfg = Debug|Any CPU
		{15C4EBC8-1813-4DA4-B247-B2187F18A48B}.Debug|Any CPU.Build.0 = Debug|Any CPU
		{15C4EBC8-1813-4DA4-B247-B2187F18A48B}.Release|Any CPU.ActiveCfg = Release|Any CPU
		{15C4EBC8-1813-4DA4-B247-B2187F18A48B}.Release|Any CPU.Build.0 = Release|Any CPU
	EndGlobalSection
	GlobalSection(SolutionProperties) = preSolution
		HideSolutionNode = FALSE
	EndGlobalSection
	GlobalSection(ExtensibilityGlobals) = postSolution
		SolutionGuid = {87903D15-8B55-4B64-B5BC-19CD9D4F8EBC}
	EndGlobalSection
EndGlobal
